// !$*UTF8*$!
{
	archiveVersion = 1;
	classes = {
	};
	objectVersion = 51;
	objects = {

/* Begin PBXBuildFile section */
		6730B32D2797B48500979375 /* AntNetworkManager.swift in Sources */ = {isa = PBXBuildFile; fileRef = 6730B32C2797B48500979375 /* AntNetworkManager.swift */; };
		6746B8F629A479C400204DEC /* JL_BLEKit.framework in Frameworks */ = {isa = PBXBuildFile; fileRef = 6746B8F529A479C300204DEC /* JL_BLEKit.framework */; };
		67661CD526291D120004B197 /* AntSDK.framework in Frameworks */ = {isa = PBXBuildFile; fileRef = 67661CCB26291D110004B197 /* AntSDK.framework */; };
		67661CDA26291D120004B197 /* AntSDKTests.swift in Sources */ = {isa = PBXBuildFile; fileRef = 67661CD926291D120004B197 /* AntSDKTests.swift */; };
		67661CDC26291D120004B197 /* AntSDK.h in Headers */ = {isa = PBXBuildFile; fileRef = 67661CCE26291D110004B197 /* AntSDK.h */; settings = {ATTRIBUTES = (Public, ); }; };
		67661CE82629209A0004B197 /* AntBleManager.swift in Sources */ = {isa = PBXBuildFile; fileRef = 67661CE72629209A0004B197 /* AntBleManager.swift */; };
		67661D4326296C700004B197 /* AntBaseModule.swift in Sources */ = {isa = PBXBuildFile; fileRef = 67661D4226296C700004B197 /* AntBaseModule.swift */; };
		67661D7B262A7D7A0004B197 /* AntSDKLog.swift in Sources */ = {isa = PBXBuildFile; fileRef = 67661D7A262A7D7A0004B197 /* AntSDKLog.swift */; };
		676D384526DE36C000471098 /* AntCrashHandler.swift in Sources */ = {isa = PBXBuildFile; fileRef = 676D384426DE36C000471098 /* AntCrashHandler.swift */; };
		67883F152826127800ADDE99 /* AntModel.swift in Sources */ = {isa = PBXBuildFile; fileRef = 67883F142826127800ADDE99 /* AntModel.swift */; };
		679FD5532A41525F00A32A54 /* AntCommandModule.swift in Sources */ = {isa = PBXBuildFile; fileRef = 679FD5522A41525F00A32A54 /* AntCommandModule.swift */; };
		B24534B743CBAACD85D77CF5 /* Pods_AntSDK_AntSDKTests.framework in Frameworks */ = {isa = PBXBuildFile; fileRef = F452F712DD1771993F1A574C /* Pods_AntSDK_AntSDKTests.framework */; };
		E88332DB316E822A0ADEEF8C /* Pods_AntSDK.framework in Frameworks */ = {isa = PBXBuildFile; fileRef = 73083166F1E49523ED9D13D0 /* Pods_AntSDK.framework */; };
/* End PBXBuildFile section */

/* Begin PBXContainerItemProxy section */
		67661CD626291D120004B197 /* PBXContainerItemProxy */ = {
			isa = PBXContainerItemProxy;
			containerPortal = 67661CC226291D110004B197 /* Project object */;
			proxyType = 1;
			remoteGlobalIDString = 67661CCA26291D110004B197;
			remoteInfo = AntSDK;
		};
/* End PBXContainerItemProxy section */

/* Begin PBXFileReference section */
		6730B32C2797B48500979375 /* AntNetworkManager.swift */ = {isa = PBXFileReference; fileEncoding = 4; lastKnownFileType = sourcecode.swift; path = AntNetworkManager.swift; sourceTree = "<group>"; };
		6746B8F529A479C300204DEC /* JL_BLEKit.framework */ = {isa = PBXFileReference; lastKnownFileType = wrapper.framework; path = JL_BLEKit.framework; sourceTree = "<group>"; };
		67661CCB26291D110004B197 /* AntSDK.framework */ = {isa = PBXFileReference; explicitFileType = wrapper.framework; includeInIndex = 0; path = AntSDK.framework; sourceTree = BUILT_PRODUCTS_DIR; };
		67661CCE26291D110004B197 /* AntSDK.h */ = {isa = PBXFileReference; lastKnownFileType = sourcecode.c.h; path = AntSDK.h; sourceTree = "<group>"; };
		67661CCF26291D110004B197 /* Info.plist */ = {isa = PBXFileReference; lastKnownFileType = text.plist.xml; path = Info.plist; sourceTree = "<group>"; };
		67661CD426291D120004B197 /* AntSDKTests.xctest */ = {isa = PBXFileReference; explicitFileType = wrapper.cfbundle; includeInIndex = 0; path = AntSDKTests.xctest; sourceTree = BUILT_PRODUCTS_DIR; };
		67661CD926291D120004B197 /* AntSDKTests.swift */ = {isa = PBXFileReference; lastKnownFileType = sourcecode.swift; path = AntSDKTests.swift; sourceTree = "<group>"; };
		67661CDB26291D120004B197 /* Info.plist */ = {isa = PBXFileReference; lastKnownFileType = text.plist.xml; path = Info.plist; sourceTree = "<group>"; };
		67661CE72629209A0004B197 /* AntBleManager.swift */ = {isa = PBXFileReference; lastKnownFileType = sourcecode.swift; path = AntBleManager.swift; sourceTree = "<group>"; };
		67661D4226296C700004B197 /* AntBaseModule.swift */ = {isa = PBXFileReference; lastKnownFileType = sourcecode.swift; path = AntBaseModule.swift; sourceTree = "<group>"; };
		67661D7A262A7D7A0004B197 /* AntSDKLog.swift */ = {isa = PBXFileReference; lastKnownFileType = sourcecode.swift; path = AntSDKLog.swift; sourceTree = "<group>"; };
		676D384426DE36C000471098 /* AntCrashHandler.swift */ = {isa = PBXFileReference; fileEncoding = 4; lastKnownFileType = sourcecode.swift; path = AntCrashHandler.swift; sourceTree = "<group>"; };
		67883F142826127800ADDE99 /* AntModel.swift */ = {isa = PBXFileReference; lastKnownFileType = sourcecode.swift; path = AntModel.swift; sourceTree = "<group>"; };
		679FD5522A41525F00A32A54 /* AntCommandModule.swift */ = {isa = PBXFileReference; fileEncoding = 4; lastKnownFileType = sourcecode.swift; path = AntCommandModule.swift; sourceTree = "<group>"; };
		73083166F1E49523ED9D13D0 /* Pods_AntSDK.framework */ = {isa = PBXFileReference; explicitFileType = wrapper.framework; includeInIndex = 0; path = Pods_AntSDK.framework; sourceTree = BUILT_PRODUCTS_DIR; };
		822D62160AB6F3E2B24B05B0 /* Pods-AntSDK.debug.xcconfig */ = {isa = PBXFileReference; includeInIndex = 1; lastKnownFileType = text.xcconfig; name = "Pods-AntSDK.debug.xcconfig"; path = "Target Support Files/Pods-AntSDK/Pods-AntSDK.debug.xcconfig"; sourceTree = "<group>"; };
		863A6B1A307E4C8F99D2F103 /* Pods-AntSDK-AntSDKTests.debug.xcconfig */ = {isa = PBXFileReference; includeInIndex = 1; lastKnownFileType = text.xcconfig; name = "Pods-AntSDK-AntSDKTests.debug.xcconfig"; path = "Target Support Files/Pods-AntSDK-AntSDKTests/Pods-AntSDK-AntSDKTests.debug.xcconfig"; sourceTree = "<group>"; };
		A738E751F42A7C5CFAD9DA61 /* Pods-AntSDK.release.xcconfig */ = {isa = PBXFileReference; includeInIndex = 1; lastKnownFileType = text.xcconfig; name = "Pods-AntSDK.release.xcconfig"; path = "Target Support Files/Pods-AntSDK/Pods-AntSDK.release.xcconfig"; sourceTree = "<group>"; };
		AEDBEC440A4F75319200BFA6 /* Pods-AntSDK-AntSDKTests.release.xcconfig */ = {isa = PBXFileReference; includeInIndex = 1; lastKnownFileType = text.xcconfig; name = "Pods-AntSDK-AntSDKTests.release.xcconfig"; path = "Target Support Files/Pods-AntSDK-AntSDKTests/Pods-AntSDK-AntSDKTests.release.xcconfig"; sourceTree = "<group>"; };
		F452F712DD1771993F1A574C /* Pods_AntSDK_AntSDKTests.framework */ = {isa = PBXFileReference; explicitFileType = wrapper.framework; includeInIndex = 0; path = Pods_AntSDK_AntSDKTests.framework; sourceTree = BUILT_PRODUCTS_DIR; };
/* End PBXFileReference section */

/* Begin PBXFrameworksBuildPhase section */
		67661CC826291D110004B197 /* Frameworks */ = {
			isa = PBXFrameworksBuildPhase;
			buildActionMask = 2147483647;
			files = (
				E88332DB316E822A0ADEEF8C /* Pods_AntSDK.framework in Frameworks */,
				6746B8F629A479C400204DEC /* JL_BLEKit.framework in Frameworks */,
			);
			runOnlyForDeploymentPostprocessing = 0;
		};
		67661CD126291D120004B197 /* Frameworks */ = {
			isa = PBXFrameworksBuildPhase;
			buildActionMask = 2147483647;
			files = (
				67661CD526291D120004B197 /* AntSDK.framework in Frameworks */,
				B24534B743CBAACD85D77CF5 /* Pods_AntSDK_AntSDKTests.framework in Frameworks */,
			);
			runOnlyForDeploymentPostprocessing = 0;
		};
/* End PBXFrameworksBuildPhase section */

/* Begin PBXGroup section */
		4A1C3EFD5B6264F0BE1E2A4E /* Pods */ = {
			isa = PBXGroup;
			children = (
				822D62160AB6F3E2B24B05B0 /* Pods-AntSDK.debug.xcconfig */,
				A738E751F42A7C5CFAD9DA61 /* Pods-AntSDK.release.xcconfig */,
				863A6B1A307E4C8F99D2F103 /* Pods-AntSDK-AntSDKTests.debug.xcconfig */,
				AEDBEC440A4F75319200BFA6 /* Pods-AntSDK-AntSDKTests.release.xcconfig */,
			);
			path = Pods;
			sourceTree = "<group>";
		};
		67661CC126291D110004B197 = {
			isa = PBXGroup;
			children = (
				67661CCD26291D110004B197 /* AntSDK */,
				67661CD826291D120004B197 /* AntSDKTests */,
				67661CCC26291D110004B197 /* Products */,
				92F9CE25C350B08B264D7480 /* Frameworks */,
				4A1C3EFD5B6264F0BE1E2A4E /* Pods */,
			);
			sourceTree = "<group>";
		};
		67661CCC26291D110004B197 /* Products */ = {
			isa = PBXGroup;
			children = (
				67661CCB26291D110004B197 /* AntSDK.framework */,
				67661CD426291D120004B197 /* AntSDKTests.xctest */,
			);
			name = Products;
			sourceTree = "<group>";
		};
		67661CCD26291D110004B197 /* AntSDK */ = {
			isa = PBXGroup;
			children = (
				67661CCE26291D110004B197 /* AntSDK.h */,
				67661CE72629209A0004B197 /* AntBleManager.swift */,
				67883F142826127800ADDE99 /* AntModel.swift */,
				67661D4226296C700004B197 /* AntBaseModule.swift */,
				679FD5522A41525F00A32A54 /* AntCommandModule.swift */,
				6730B32C2797B48500979375 /* AntNetworkManager.swift */,
				67661D7A262A7D7A0004B197 /* AntSDKLog.swift */,
				676D384426DE36C000471098 /* AntCrashHandler.swift */,
				6746B8F529A479C300204DEC /* JL_BLEKit.framework */,
				67661CCF26291D110004B197 /* Info.plist */,
			);
			path = AntSDK;
			sourceTree = "<group>";
		};
		67661CD826291D120004B197 /* AntSDKTests */ = {
			isa = PBXGroup;
			children = (
				67661CD926291D120004B197 /* AntSDKTests.swift */,
				67661CDB26291D120004B197 /* Info.plist */,
			);
			path = AntSDKTests;
			sourceTree = "<group>";
		};
		92F9CE25C350B08B264D7480 /* Frameworks */ = {
			isa = PBXGroup;
			children = (
				73083166F1E49523ED9D13D0 /* Pods_AntSDK.framework */,
				F452F712DD1771993F1A574C /* Pods_AntSDK_AntSDKTests.framework */,
			);
			name = Frameworks;
			sourceTree = "<group>";
		};
/* End PBXGroup section */

/* Begin PBXHeadersBuildPhase section */
		67661CC626291D110004B197 /* Headers */ = {
			isa = PBXHeadersBuildPhase;
			buildActionMask = 2147483647;
			files = (
				67661CDC26291D120004B197 /* AntSDK.h in Headers */,
			);
			runOnlyForDeploymentPostprocessing = 0;
		};
/* End PBXHeadersBuildPhase section */

/* Begin PBXNativeTarget section */
		67661CCA26291D110004B197 /* AntSDK */ = {
			isa = PBXNativeTarget;
			buildConfigurationList = 67661CDF26291D120004B197 /* Build configuration list for PBXNativeTarget "AntSDK" */;
			buildPhases = (
				C9F281E922ABF55A0789A493 /* [CP] Check Pods Manifest.lock */,
				67661CC626291D110004B197 /* Headers */,
				67661CC726291D110004B197 /* Sources */,
				67661CC826291D110004B197 /* Frameworks */,
				67661CC926291D110004B197 /* Resources */,
			);
			buildRules = (
			);
			dependencies = (
			);
			name = AntSDK;
			productName = AntSDK;
			productReference = 67661CCB26291D110004B197 /* AntSDK.framework */;
			productType = "com.apple.product-type.framework";
		};
		67661CD326291D120004B197 /* AntSDKTests */ = {
			isa = PBXNativeTarget;
			buildConfigurationList = 67661CE226291D120004B197 /* Build configuration list for PBXNativeTarget "AntSDKTests" */;
			buildPhases = (
				5A0DFAFE4E3E0FA6F857B89D /* [CP] Check Pods Manifest.lock */,
				67661CD026291D120004B197 /* Sources */,
				67661CD126291D120004B197 /* Frameworks */,
				67661CD226291D120004B197 /* Resources */,
				08E683CCB6DAEF8AB814CAF2 /* [CP] Embed Pods Frameworks */,
			);
			buildRules = (
			);
			dependencies = (
				67661CD726291D120004B197 /* PBXTargetDependency */,
			);
			name = AntSDKTests;
			productName = AntSDKTests;
			productReference = 67661CD426291D120004B197 /* AntSDKTests.xctest */;
			productType = "com.apple.product-type.bundle.unit-test";
		};
/* End PBXNativeTarget section */

/* Begin PBXProject section */
		67661CC226291D110004B197 /* Project object */ = {
			isa = PBXProject;
			attributes = {
				LastSwiftUpdateCheck = 1240;
				LastUpgradeCheck = 1240;
				TargetAttributes = {
					67661CCA26291D110004B197 = {
						CreatedOnToolsVersion = 12.4;
						LastSwiftMigration = 1240;
					};
					67661CD326291D120004B197 = {
						CreatedOnToolsVersion = 12.4;
					};
				};
			};
			buildConfigurationList = 67661CC526291D110004B197 /* Build configuration list for PBXProject "AntSDK" */;
			compatibilityVersion = "Xcode 9.3";
			developmentRegion = en;
			hasScannedForEncodings = 0;
			knownRegions = (
				en,
				Base,
			);
			mainGroup = 67661CC126291D110004B197;
			productRefGroup = 67661CCC26291D110004B197 /* Products */;
			projectDirPath = "";
			projectRoot = "";
			targets = (
				67661CCA26291D110004B197 /* AntSDK */,
				67661CD326291D120004B197 /* AntSDKTests */,
			);
		};
/* End PBXProject section */

/* Begin PBXResourcesBuildPhase section */
		67661CC926291D110004B197 /* Resources */ = {
			isa = PBXResourcesBuildPhase;
			buildActionMask = 2147483647;
			files = (
			);
			runOnlyForDeploymentPostprocessing = 0;
		};
		67661CD226291D120004B197 /* Resources */ = {
			isa = PBXResourcesBuildPhase;
			buildActionMask = 2147483647;
			files = (
			);
			runOnlyForDeploymentPostprocessing = 0;
		};
/* End PBXResourcesBuildPhase section */

/* Begin PBXShellScriptBuildPhase section */
		08E683CCB6DAEF8AB814CAF2 /* [CP] Embed Pods Frameworks */ = {
			isa = PBXShellScriptBuildPhase;
			buildActionMask = 2147483647;
			files = (
			);
			inputFileListPaths = (
				"${PODS_ROOT}/Target Support Files/Pods-AntSDK-AntSDKTests/Pods-AntSDK-AntSDKTests-frameworks-${CONFIGURATION}-input-files.xcfilelist",
			);
			name = "[CP] Embed Pods Frameworks";
			outputFileListPaths = (
				"${PODS_ROOT}/Target Support Files/Pods-AntSDK-AntSDKTests/Pods-AntSDK-AntSDKTests-frameworks-${CONFIGURATION}-output-files.xcfilelist",
			);
			runOnlyForDeploymentPostprocessing = 0;
			shellPath = /bin/sh;
			shellScript = "\"${PODS_ROOT}/Target Support Files/Pods-AntSDK-AntSDKTests/Pods-AntSDK-AntSDKTests-frameworks.sh\"\n";
			showEnvVarsInLog = 0;
		};
		5A0DFAFE4E3E0FA6F857B89D /* [CP] Check Pods Manifest.lock */ = {
			isa = PBXShellScriptBuildPhase;
			buildActionMask = 2147483647;
			files = (
			);
			inputFileListPaths = (
			);
			inputPaths = (
				"${PODS_PODFILE_DIR_PATH}/Podfile.lock",
				"${PODS_ROOT}/Manifest.lock",
			);
			name = "[CP] Check Pods Manifest.lock";
			outputFileListPaths = (
			);
			outputPaths = (
				"$(DERIVED_FILE_DIR)/Pods-AntSDK-AntSDKTests-checkManifestLockResult.txt",
			);
			runOnlyForDeploymentPostprocessing = 0;
			shellPath = /bin/sh;
			shellScript = "diff \"${PODS_PODFILE_DIR_PATH}/Podfile.lock\" \"${PODS_ROOT}/Manifest.lock\" > /dev/null\nif [ $? != 0 ] ; then\n    # print error to STDERR\n    echo \"error: The sandbox is not in sync with the Podfile.lock. Run 'pod install' or update your CocoaPods installation.\" >&2\n    exit 1\nfi\n# This output is used by Xcode 'outputs' to avoid re-running this script phase.\necho \"SUCCESS\" > \"${SCRIPT_OUTPUT_FILE_0}\"\n";
			showEnvVarsInLog = 0;
		};
		C9F281E922ABF55A0789A493 /* [CP] Check Pods Manifest.lock */ = {
			isa = PBXShellScriptBuildPhase;
			buildActionMask = 2147483647;
			files = (
			);
			inputFileListPaths = (
			);
			inputPaths = (
				"${PODS_PODFILE_DIR_PATH}/Podfile.lock",
				"${PODS_ROOT}/Manifest.lock",
			);
			name = "[CP] Check Pods Manifest.lock";
			outputFileListPaths = (
			);
			outputPaths = (
				"$(DERIVED_FILE_DIR)/Pods-AntSDK-checkManifestLockResult.txt",
			);
			runOnlyForDeploymentPostprocessing = 0;
			shellPath = /bin/sh;
			shellScript = "diff \"${PODS_PODFILE_DIR_PATH}/Podfile.lock\" \"${PODS_ROOT}/Manifest.lock\" > /dev/null\nif [ $? != 0 ] ; then\n    # print error to STDERR\n    echo \"error: The sandbox is not in sync with the Podfile.lock. Run 'pod install' or update your CocoaPods installation.\" >&2\n    exit 1\nfi\n# This output is used by Xcode 'outputs' to avoid re-running this script phase.\necho \"SUCCESS\" > \"${SCRIPT_OUTPUT_FILE_0}\"\n";
			showEnvVarsInLog = 0;
		};
/* End PBXShellScriptBuildPhase section */

/* Begin PBXSourcesBuildPhase section */
		67661CC726291D110004B197 /* Sources */ = {
			isa = PBXSourcesBuildPhase;
			buildActionMask = 2147483647;
			files = (
				6730B32D2797B48500979375 /* AntNetworkManager.swift in Sources */,
				67883F152826127800ADDE99 /* AntModel.swift in Sources */,
				676D384526DE36C000471098 /* AntCrashHandler.swift in Sources */,
				67661D7B262A7D7A0004B197 /* AntSDKLog.swift in Sources */,
				67661D4326296C700004B197 /* AntBaseModule.swift in Sources */,
				679FD5532A41525F00A32A54 /* AntCommandModule.swift in Sources */,
				67661CE82629209A0004B197 /* AntBleManager.swift in Sources */,
			);
			runOnlyForDeploymentPostprocessing = 0;
		};
		67661CD026291D120004B197 /* Sources */ = {
			isa = PBXSourcesBuildPhase;
			buildActionMask = 2147483647;
			files = (
				67661CDA26291D120004B197 /* AntSDKTests.swift in Sources */,
			);
			runOnlyForDeploymentPostprocessing = 0;
		};
/* End PBXSourcesBuildPhase section */

/* Begin PBXTargetDependency section */
		67661CD726291D120004B197 /* PBXTargetDependency */ = {
			isa = PBXTargetDependency;
			target = 67661CCA26291D110004B197 /* AntSDK */;
			targetProxy = 67661CD626291D120004B197 /* PBXContainerItemProxy */;
		};
/* End PBXTargetDependency section */

/* Begin XCBuildConfiguration section */
		67661CDD26291D120004B197 /* Debug */ = {
			isa = XCBuildConfiguration;
			buildSettings = {
				ALWAYS_SEARCH_USER_PATHS = NO;
				BUILD_LIBRARY_FOR_DISTRIBUTION = YES;
				CLANG_ANALYZER_NONNULL = YES;
				CLANG_ANALYZER_NUMBER_OBJECT_CONVERSION = YES_AGGRESSIVE;
				CLANG_CXX_LANGUAGE_STANDARD = "gnu++14";
				CLANG_CXX_LIBRARY = "libc++";
				CLANG_ENABLE_MODULES = YES;
				CLANG_ENABLE_OBJC_ARC = YES;
				CLANG_ENABLE_OBJC_WEAK = YES;
				CLANG_WARN_BLOCK_CAPTURE_AUTORELEASING = YES;
				CLANG_WARN_BOOL_CONVERSION = YES;
				CLANG_WARN_COMMA = YES;
				CLANG_WARN_CONSTANT_CONVERSION = YES;
				CLANG_WARN_DEPRECATED_OBJC_IMPLEMENTATIONS = YES;
				CLANG_WARN_DIRECT_OBJC_ISA_USAGE = YES_ERROR;
				CLANG_WARN_DOCUMENTATION_COMMENTS = YES;
				CLANG_WARN_EMPTY_BODY = YES;
				CLANG_WARN_ENUM_CONVERSION = YES;
				CLANG_WARN_INFINITE_RECURSION = YES;
				CLANG_WARN_INT_CONVERSION = YES;
				CLANG_WARN_NON_LITERAL_NULL_CONVERSION = YES;
				CLANG_WARN_OBJC_IMPLICIT_RETAIN_SELF = YES;
				CLANG_WARN_OBJC_LITERAL_CONVERSION = YES;
				CLANG_WARN_OBJC_ROOT_CLASS = YES_ERROR;
				CLANG_WARN_QUOTED_INCLUDE_IN_FRAMEWORK_HEADER = YES;
				CLANG_WARN_RANGE_LOOP_ANALYSIS = YES;
				CLANG_WARN_STRICT_PROTOTYPES = YES;
				CLANG_WARN_SUSPICIOUS_MOVE = YES;
				CLANG_WARN_UNGUARDED_AVAILABILITY = YES_AGGRESSIVE;
				CLANG_WARN_UNREACHABLE_CODE = YES;
				CLANG_WARN__DUPLICATE_METHOD_MATCH = YES;
				COPY_PHASE_STRIP = NO;
				CURRENT_PROJECT_VERSION = 1;
				DEBUG_INFORMATION_FORMAT = dwarf;
				ENABLE_BITCODE = NO;
				ENABLE_STRICT_OBJC_MSGSEND = YES;
				ENABLE_TESTABILITY = YES;
				GCC_C_LANGUAGE_STANDARD = gnu11;
				GCC_DYNAMIC_NO_PIC = NO;
				GCC_NO_COMMON_BLOCKS = YES;
				GCC_OPTIMIZATION_LEVEL = 0;
				GCC_PREPROCESSOR_DEFINITIONS = (
					"DEBUG=1",
					"$(inherited)",
				);
				GCC_WARN_64_TO_32_BIT_CONVERSION = YES;
				GCC_WARN_ABOUT_RETURN_TYPE = YES_ERROR;
				GCC_WARN_UNDECLARED_SELECTOR = YES;
				GCC_WARN_UNINITIALIZED_AUTOS = YES_AGGRESSIVE;
				GCC_WARN_UNUSED_FUNCTION = YES;
				GCC_WARN_UNUSED_VARIABLE = YES;
				IPHONEOS_DEPLOYMENT_TARGET = 9.0;
				MTL_ENABLE_DEBUG_INFO = INCLUDE_SOURCE;
				MTL_FAST_MATH = YES;
				ONLY_ACTIVE_ARCH = YES;
				SDKROOT = iphoneos;
				SWIFT_ACTIVE_COMPILATION_CONDITIONS = DEBUG;
				SWIFT_OPTIMIZATION_LEVEL = "-Onone";
				SWIFT_VERSION = 4.0;
				VERSIONING_SYSTEM = "apple-generic";
				VERSION_INFO_PREFIX = "";
			};
			name = Debug;
		};
		67661CDE26291D120004B197 /* Release */ = {
			isa = XCBuildConfiguration;
			buildSettings = {
				ALWAYS_SEARCH_USER_PATHS = NO;
				BUILD_LIBRARY_FOR_DISTRIBUTION = YES;
				CLANG_ANALYZER_NONNULL = YES;
				CLANG_ANALYZER_NUMBER_OBJECT_CONVERSION = YES_AGGRESSIVE;
				CLANG_CXX_LANGUAGE_STANDARD = "gnu++14";
				CLANG_CXX_LIBRARY = "libc++";
				CLANG_ENABLE_MODULES = YES;
				CLANG_ENABLE_OBJC_ARC = YES;
				CLANG_ENABLE_OBJC_WEAK = YES;
				CLANG_WARN_BLOCK_CAPTURE_AUTORELEASING = YES;
				CLANG_WARN_BOOL_CONVERSION = YES;
				CLANG_WARN_COMMA = YES;
				CLANG_WARN_CONSTANT_CONVERSION = YES;
				CLANG_WARN_DEPRECATED_OBJC_IMPLEMENTATIONS = YES;
				CLANG_WARN_DIRECT_OBJC_ISA_USAGE = YES_ERROR;
				CLANG_WARN_DOCUMENTATION_COMMENTS = YES;
				CLANG_WARN_EMPTY_BODY = YES;
				CLANG_WARN_ENUM_CONVERSION = YES;
				CLANG_WARN_INFINITE_RECURSION = YES;
				CLANG_WARN_INT_CONVERSION = YES;
				CLANG_WARN_NON_LITERAL_NULL_CONVERSION = YES;
				CLANG_WARN_OBJC_IMPLICIT_RETAIN_SELF = YES;
				CLANG_WARN_OBJC_LITERAL_CONVERSION = YES;
				CLANG_WARN_OBJC_ROOT_CLASS = YES_ERROR;
				CLANG_WARN_QUOTED_INCLUDE_IN_FRAMEWORK_HEADER = YES;
				CLANG_WARN_RANGE_LOOP_ANALYSIS = YES;
				CLANG_WARN_STRICT_PROTOTYPES = YES;
				CLANG_WARN_SUSPICIOUS_MOVE = YES;
				CLANG_WARN_UNGUARDED_AVAILABILITY = YES_AGGRESSIVE;
				CLANG_WARN_UNREACHABLE_CODE = YES;
				CLANG_WARN__DUPLICATE_METHOD_MATCH = YES;
				COPY_PHASE_STRIP = NO;
				CURRENT_PROJECT_VERSION = 1;
				DEBUG_INFORMATION_FORMAT = "dwarf-with-dsym";
				ENABLE_BITCODE = NO;
				ENABLE_NS_ASSERTIONS = NO;
				ENABLE_STRICT_OBJC_MSGSEND = YES;
				GCC_C_LANGUAGE_STANDARD = gnu11;
				GCC_NO_COMMON_BLOCKS = YES;
				GCC_WARN_64_TO_32_BIT_CONVERSION = YES;
				GCC_WARN_ABOUT_RETURN_TYPE = YES_ERROR;
				GCC_WARN_UNDECLARED_SELECTOR = YES;
				GCC_WARN_UNINITIALIZED_AUTOS = YES_AGGRESSIVE;
				GCC_WARN_UNUSED_FUNCTION = YES;
				GCC_WARN_UNUSED_VARIABLE = YES;
				IPHONEOS_DEPLOYMENT_TARGET = 9.0;
				MTL_ENABLE_DEBUG_INFO = NO;
				MTL_FAST_MATH = YES;
				SDKROOT = iphoneos;
				SWIFT_COMPILATION_MODE = wholemodule;
				SWIFT_OPTIMIZATION_LEVEL = "-O";
				SWIFT_VERSION = 4.0;
				VALIDATE_PRODUCT = YES;
				VERSIONING_SYSTEM = "apple-generic";
				VERSION_INFO_PREFIX = "";
			};
			name = Release;
		};
		67661CE026291D120004B197 /* Debug */ = {
			isa = XCBuildConfiguration;
			baseConfigurationReference = 822D62160AB6F3E2B24B05B0 /* Pods-AntSDK.debug.xcconfig */;
			buildSettings = {
				BUILD_LIBRARY_FOR_DISTRIBUTION = YES;
				CLANG_ENABLE_MODULES = YES;
				CODE_SIGN_IDENTITY = "Apple Development";
				CODE_SIGN_STYLE = Automatic;
				CURRENT_PROJECT_VERSION = 1;
				DEFINES_MODULE = YES;
				DEPLOYMENT_POSTPROCESSING = YES;
				DEVELOPMENT_TEAM = 3QL3M4X778;
				DYLIB_COMPATIBILITY_VERSION = 1;
				DYLIB_CURRENT_VERSION = 1;
				DYLIB_INSTALL_NAME_BASE = "@rpath";
				ENABLE_BITCODE = NO;
				FRAMEWORK_SEARCH_PATHS = (
					"$(inherited)",
					"$(PROJECT_DIR)/AntSDK",
				);
				INFOPLIST_FILE = AntSDK/Info.plist;
				INSTALL_PATH = "$(LOCAL_LIBRARY_DIR)/Frameworks";
				LD_RUNPATH_SEARCH_PATHS = (
					"$(inherited)",
					"@executable_path/Frameworks",
					"@loader_path/Frameworks",
				);
				MACH_O_TYPE = staticlib;
				MARKETING_VERSION = 0.0.3;
				ONLY_ACTIVE_ARCH = YES;
				OTHER_CFLAGS = "-fembed-bitcode";
				PRODUCT_BUNDLE_IDENTIFIER = com.antjy.AntSDK;
				PRODUCT_NAME = "$(TARGET_NAME:c99extidentifier)";
				SKIP_INSTALL = YES;
				SUPPORTS_MACCATALYST = NO;
				SWIFT_OPTIMIZATION_LEVEL = "-Onone";
				SWIFT_VERSION = 5.0;
				TARGETED_DEVICE_FAMILY = "1,2";
			};
			name = Debug;
		};
		67661CE126291D120004B197 /* Release */ = {
			isa = XCBuildConfiguration;
			baseConfigurationReference = A738E751F42A7C5CFAD9DA61 /* Pods-AntSDK.release.xcconfig */;
			buildSettings = {
				BUILD_LIBRARY_FOR_DISTRIBUTION = YES;
				CLANG_ENABLE_MODULES = YES;
				CODE_SIGN_IDENTITY = "Apple Development";
				CODE_SIGN_STYLE = Automatic;
				CURRENT_PROJECT_VERSION = 1;
				DEFINES_MODULE = YES;
				DEPLOYMENT_POSTPROCESSING = YES;
				DEVELOPMENT_TEAM = 3QL3M4X778;
				DYLIB_COMPATIBILITY_VERSION = 1;
				DYLIB_CURRENT_VERSION = 1;
				DYLIB_INSTALL_NAME_BASE = "@rpath";
				ENABLE_BITCODE = NO;
				FRAMEWORK_SEARCH_PATHS = (
					"$(inherited)",
					"$(PROJECT_DIR)/AntSDK",
				);
				INFOPLIST_FILE = AntSDK/Info.plist;
				INSTALL_PATH = "$(LOCAL_LIBRARY_DIR)/Frameworks";
				LD_RUNPATH_SEARCH_PATHS = (
					"$(inherited)",
					"@executable_path/Frameworks",
					"@loader_path/Frameworks",
				);
				MACH_O_TYPE = staticlib;
				MARKETING_VERSION = 0.0.3;
				ONLY_ACTIVE_ARCH = NO;
				OTHER_CFLAGS = "-fembed-bitcode";
				PRODUCT_BUNDLE_IDENTIFIER = com.antjy.AntSDK;
				PRODUCT_NAME = "$(TARGET_NAME:c99extidentifier)";
				SKIP_INSTALL = YES;
				SUPPORTS_MACCATALYST = NO;
				SWIFT_VERSION = 5.0;
				TARGETED_DEVICE_FAMILY = "1,2";
			};
			name = Release;
		};
		67661CE326291D120004B197 /* Debug */ = {
			isa = XCBuildConfiguration;
			baseConfigurationReference = 863A6B1A307E4C8F99D2F103 /* Pods-AntSDK-AntSDKTests.debug.xcconfig */;
			buildSettings = {
				ALWAYS_EMBED_SWIFT_STANDARD_LIBRARIES = YES;
				CODE_SIGN_STYLE = Automatic;
				INFOPLIST_FILE = AntSDKTests/Info.plist;
				LD_RUNPATH_SEARCH_PATHS = (
					"$(inherited)",
					"@executable_path/Frameworks",
					"@loader_path/Frameworks",
				);
				PRODUCT_BUNDLE_IDENTIFIER = com.antjy.AntSDKTests;
				PRODUCT_NAME = "$(TARGET_NAME)";
				SWIFT_VERSION = 5.0;
				TARGETED_DEVICE_FAMILY = "1,2";
			};
			name = Debug;
		};
		67661CE426291D120004B197 /* Release */ = {
			isa = XCBuildConfiguration;
			baseConfigurationReference = AEDBEC440A4F75319200BFA6 /* Pods-AntSDK-AntSDKTests.release.xcconfig */;
			buildSettings = {
				ALWAYS_EMBED_SWIFT_STANDARD_LIBRARIES = YES;
				CODE_SIGN_STYLE = Automatic;
				INFOPLIST_FILE = AntSDKTests/Info.plist;
				LD_RUNPATH_SEARCH_PATHS = (
					"$(inherited)",
					"@executable_path/Frameworks",
					"@loader_path/Frameworks",
				);
				PRODUCT_BUNDLE_IDENTIFIER = com.antjy.AntSDKTests;
				PRODUCT_NAME = "$(TARGET_NAME)";
				SWIFT_VERSION = 5.0;
				TARGETED_DEVICE_FAMILY = "1,2";
			};
			name = Release;
		};
/* End XCBuildConfiguration section */

/* Begin XCConfigurationList section */
		67661CC526291D110004B197 /* Build configuration list for PBXProject "AntSDK" */ = {
			isa = XCConfigurationList;
			buildConfigurations = (
				67661CDD26291D120004B197 /* Debug */,
				67661CDE26291D120004B197 /* Release */,
			);
			defaultConfigurationIsVisible = 0;
			defaultConfigurationName = Release;
		};
		67661CDF26291D120004B197 /* Build configuration list for PBXNativeTarget "AntSDK" */ = {
			isa = XCConfigurationList;
			buildConfigurations = (
				67661CE026291D120004B197 /* Debug */,
				67661CE126291D120004B197 /* Release */,
			);
			defaultConfigurationIsVisible = 0;
			defaultConfigurationName = Release;
		};
		67661CE226291D120004B197 /* Build configuration list for PBXNativeTarget "AntSDKTests" */ = {
			isa = XCConfigurationList;
			buildConfigurations = (
				67661CE326291D120004B197 /* Debug */,
				67661CE426291D120004B197 /* Release */,
			);
			defaultConfigurationIsVisible = 0;
			defaultConfigurationName = Release;
		};
/* End XCConfigurationList section */
	};
	rootObject = 67661CC226291D110004B197 /* Project object */;
}
